
Microsoft Visual Studio Solution File, Format Version 12.00
# Visual Studio Version 17
VisualStudioVersion = 17.2.32630.192
MinimumVisualStudioVersion = 10.0.40219.1
Project("{FAE04EC0-301F-11D3-BF4B-00C04F79EFBC}") = "GoogleSheetsSpy", "GoogleSheetsSpy\GoogleSheetsSpy.csproj", "{F146B520-A8DE-4FFD-8E44-0161972C39F9}"
EndProject
Global
	GlobalSection(SolutionConfigurationPlatforms) = preSolution
		Debug|Any CPU = Debug|Any CPU
		Release|Any CPU = Release|Any CPU
	EndGlobalSection
	GlobalSection(ProjectConfigurationPlatforms) = postSolution
		{F146B520-A8DE-4FFD-8E44-0161972C39F9}.Debug|Any CPU.ActiveCfg = Debug|Any CPU
		{F146B520-A8DE-4FFD-8E44-0161972C39F9}.Debug|Any CPU.Build.0 = Debug|Any CPU
		{F146B520-A8DE-4FFD-8E44-0161972C39F9}.Release|Any CPU.ActiveCfg = Release|Any CPU
		{F146B520-A8DE-4FFD-8E44-0161972C39F9}.Release|Any CPU.Build.0 = Release|Any CPU
	EndGlobalSection
	GlobalSection(SolutionProperties) = preSolution
		HideSolutionNode = FALSE
	EndGlobalSection
	GlobalSection(ExtensibilityGlobals) = postSolution
		SolutionGuid = {08EBBC4D-25D2-4647-902E-76DCE2B04487}
	EndGlobalSection
EndGlobal
